# This file is automatically @generated by Poetry 1.4.0 and should not be changed by hand.

[[package]]
name = "cocotb"
version = "1.7.2"
description = "cocotb is a coroutine based cosimulation library for writing VHDL and Verilog testbenches in Python."
category = "main"
optional = false
python-versions = ">=3.6"
files = [
    {file = "cocotb-1.7.2-cp310-cp310-macosx_10_9_x86_64.whl", hash = "sha256:43f5af578803e5726b5c75421c0e35e54021ab423d3aa4efe930feb740d6479d"},
    {file = "cocotb-1.7.2-cp310-cp310-manylinux_2_17_x86_64.manylinux2014_x86_64.whl", hash = "sha256:37ddb79f4ab60d2d2dc5a9db5bf767d226eb4978fd15b84dfb968d31ab2fcda5"},
    {file = "cocotb-1.7.2-cp310-cp310-manylinux_2_5_i686.manylinux1_i686.manylinux_2_17_i686.manylinux2014_i686.whl", hash = "sha256:707f795a17679b4653a50bd4094536a46fbfee5c6e3d951fac4320ee211ad13f"},
    {file = "cocotb-1.7.2-cp310-cp310-win32.whl", hash = "sha256:4aa5d73ebdb59ef24cef36a1f8cca11dcecb3ee7b71a84df02751020bc67ea77"},
    {file = "cocotb-1.7.2-cp310-cp310-win_amd64.whl", hash = "sha256:6f289ac00f4884046ec64db7006e47b1c857a36dcd2a80ea0873cbff00248368"},
    {file = "cocotb-1.7.2-cp311-cp311-macosx_10_9_x86_64.whl", hash = "sha256:f97c2eb92cb68831f19b82ba0038ce40fa73c5edbffb7930745edac20c5358d1"},
    {file = "cocotb-1.7.2-cp311-cp311-manylinux_2_17_x86_64.manylinux2014_x86_64.whl", hash = "sha256:7828e22946f128aa59cb9254de4037b99e3bd5a51fe8f590cf64a3141d742a37"},
    {file = "cocotb-1.7.2-cp311-cp311-manylinux_2_5_i686.manylinux1_i686.manylinux_2_17_i686.manylinux2014_i686.whl", hash = "sha256:e03df73573aec261447602904bd66927eeb2f00dd24370dc9a57f47fd42c4d70"},
    {file = "cocotb-1.7.2-cp311-cp311-win32.whl", hash = "sha256:34ab1bf3f18476724dd4e21dbcc0e060e813eb502abe155b800084fb6945360c"},
    {file = "cocotb-1.7.2-cp311-cp311-win_amd64.whl", hash = "sha256:163e5262020cc21f6a0391fb4727c9ab3ecbf6ee12a1472c8f7320b3ba211a50"},
    {file = "cocotb-1.7.2-cp36-cp36m-macosx_10_9_x86_64.whl", hash = "sha256:33be79f048f4072240668a079d2bcebd1a24611a0a1e55439b65ffa0ff077790"},
    {file = "cocotb-1.7.2-cp36-cp36m-manylinux_2_5_i686.manylinux1_i686.whl", hash = "sha256:b288a59fa8dffc1cbc53105e71e2f8c82421081b17282e41319832654b309477"},
    {file = "cocotb-1.7.2-cp36-cp36m-manylinux_2_5_x86_64.manylinux1_x86_64.whl", hash = "sha256:69f4e539dd308c9e169ab23135138ec397061b700f209803a6022ae9fbe08933"},
    {file = "cocotb-1.7.2-cp36-cp36m-win32.whl", hash = "sha256:c41cc8d4ece57f5e26076cd12f1e11d464d7f118fdb74b958269535185d99a30"},
    {file = "cocotb-1.7.2-cp36-cp36m-win_amd64.whl", hash = "sha256:d80b3baafff1a8a91ac860023c448c603767bed502258160a5cb6029976fec4f"},
    {file = "cocotb-1.7.2-cp37-cp37m-macosx_10_9_x86_64.whl", hash = "sha256:82f694da656a699154b15ee28be3ac39c41a71d33985313deda12a3645f8b3db"},
    {file = "cocotb-1.7.2-cp37-cp37m-manylinux_2_17_x86_64.manylinux2014_x86_64.whl", hash = "sha256:574d21501ff1a3d36889397cd58a18d102d0e40391aa7a0274b600d1cc4c7dc3"},
    {file = "cocotb-1.7.2-cp37-cp37m-manylinux_2_5_i686.manylinux1_i686.manylinux_2_17_i686.manylinux2014_i686.whl", hash = "sha256:360019f74270661d14e9caa8103e740a070cb466ab08376a565ec0ef4c13dbbf"},
    {file = "cocotb-1.7.2-cp37-cp37m-win32.whl", hash = "sha256:c8dce91d2a918ee63338d79b08e3d52f1d2797efd9c2bedd13c33d674f730db8"},
    {file = "cocotb-1.7.2-cp37-cp37m-win_amd64.whl", hash = "sha256:1851ac56eed7bb6c745aabfc0e417195cb4f08b5df50846c04eb77a868bfeaba"},
    {file = "cocotb-1.7.2-cp38-cp38-macosx_10_9_x86_64.whl", hash = "sha256:fa8abed5260baf4306fbfb997c8789fe24bc229cd762b12d7dba0b9c20147b1d"},
    {file = "cocotb-1.7.2-cp38-cp38-manylinux_2_17_x86_64.manylinux2014_x86_64.whl", hash = "sha256:a7ec6a2d212c27ec46bed17a15d60b7b29cd0f734f11cc16d2cb4d3f6136e133"},
    {file = "cocotb-1.7.2-cp38-cp38-manylinux_2_5_i686.manylinux1_i686.manylinux_2_17_i686.manylinux2014_i686.whl", hash = "sha256:d26a8a40cea61f295be04b1164a5dd9ec873f13a39814ad00efec7fd899320e0"},
    {file = "cocotb-1.7.2-cp38-cp38-win32.whl", hash = "sha256:1abffb36183b07469c490836c66d8b9e24fc1bec7c27356818618a6719fabd4b"},
    {file = "cocotb-1.7.2-cp38-cp38-win_amd64.whl", hash = "sha256:ded849360fb31746f1ba3a994f89c3bba2466ec2d0b4b5da0030645645f938d4"},
    {file = "cocotb-1.7.2-cp39-cp39-macosx_10_9_x86_64.whl", hash = "sha256:dcf5354268f16d9e11e05cf3616172ca5ef503b45567f75ebd96a0bfdb9832d1"},
    {file = "cocotb-1.7.2-cp39-cp39-manylinux_2_17_x86_64.manylinux2014_x86_64.whl", hash = "sha256:a90c77f4bbfdf73aa16093dfe95c68af1a1ca685ebfa525f3f150eab252f6728"},
    {file = "cocotb-1.7.2-cp39-cp39-manylinux_2_5_i686.manylinux1_i686.manylinux_2_17_i686.manylinux2014_i686.whl", hash = "sha256:4738f36b9730cc05b74ccba3648dba0455cf9f237abf822ef307a274a29474c2"},
    {file = "cocotb-1.7.2-cp39-cp39-win32.whl", hash = "sha256:0c1687ac78141724b8529e029ee6299698ecaa8a2c431b744eeff487a4bb18de"},
    {file = "cocotb-1.7.2-cp39-cp39-win_amd64.whl", hash = "sha256:170cf4d01c4d7c6c5b141ffc1824e846a6c8adbed553a50984cd522c1dddb111"},
    {file = "cocotb-1.7.2.tar.gz", hash = "sha256:959892eb94bd0b3ff40e0fca51d33a3936416deb853e2bac4f7f766b40002650"},
]

[package.dependencies]
find-libpython = "*"

[package.extras]
bus = ["cocotb-bus"]

[[package]]
name = "find-libpython"
version = "0.3.0"
description = "Finds the libpython associated with your environment, wherever it may be hiding"
category = "main"
optional = false
python-versions = "*"
files = [
    {file = "find_libpython-0.3.0-py3-none-any.whl", hash = "sha256:93fa14c8d007a7f9e6b650a486e249b49f01fd8d45b83ecf080a78b1a7011214"},
    {file = "find_libpython-0.3.0.tar.gz", hash = "sha256:6e7fe5d9af7fad6dc066cb5515a0e9c90a71f1feb2bb2f8e4cdbb4f83276e9e5"},
]

[metadata]
lock-version = "2.0"
python-versions = "^3.10"
content-hash = "2a70c5d93b80525565fdd785b54f5a250a79653d110cf0a923c6cfdd2d63d51d"
